
Microsoft Visual Studio Solution File, Format Version 12.00
# Visual Studio Version 17
VisualStudioVersion = 17.0.32112.339
MinimumVisualStudioVersion = 10.0.40219.1
Project("{FAE04EC0-301F-11D3-BF4B-00C04F79EFBC}") = "greetings card", "greetings card\greetings card.csproj", "{372E8D7F-D3F2-4C53-95DC-3360511174B1}"
EndProject
Global
	GlobalSection(SolutionConfigurationPlatforms) = preSolution
		Debug|Any CPU = Debug|Any CPU
		Release|Any CPU = Release|Any CPU
	EndGlobalSection
	GlobalSection(ProjectConfigurationPlatforms) = postSolution
		{372E8D7F-D3F2-4C53-95DC-3360511174B1}.Debug|Any CPU.ActiveCfg = Debug|Any CPU
		{372E8D7F-D3F2-4C53-95DC-3360511174B1}.Debug|Any CPU.Build.0 = Debug|Any CPU
		{372E8D7F-D3F2-4C53-95DC-3360511174B1}.Release|Any CPU.ActiveCfg = Release|Any CPU
		{372E8D7F-D3F2-4C53-95DC-3360511174B1}.Release|Any CPU.Build.0 = Release|Any CPU
	EndGlobalSection
	GlobalSection(SolutionProperties) = preSolution
		HideSolutionNode = FALSE
	EndGlobalSection
	GlobalSection(ExtensibilityGlobals) = postSolution
		SolutionGuid = {F0FFEB98-9E07-47FB-9500-0E8CA502E69D}
	EndGlobalSection
EndGlobal
